
Microsoft Visual Studio Solution File, Format Version 12.00
Project("{FAE04EC0-301F-11D3-BF4B-00C04F79EFBC}") = "Core", "Core\Core.csproj", "{F5A40DAB-3380-4146-A980-96004E0954DD}"
EndProject
Project("{FAE04EC0-301F-11D3-BF4B-00C04F79EFBC}") = "GUI", "GUI\GUI.csproj", "{CA27505A-7E1D-4A48-8CA6-7EEB8EB7A29A}"
EndProject
Global
	GlobalSection(SolutionConfigurationPlatforms) = preSolution
		Debug|Any CPU = Debug|Any CPU
		Release|Any CPU = Release|Any CPU
	EndGlobalSection
	GlobalSection(ProjectConfigurationPlatforms) = postSolution
		{F5A40DAB-3380-4146-A980-96004E0954DD}.Debug|Any CPU.ActiveCfg = Debug|Any CPU
		{F5A40DAB-3380-4146-A980-96004E0954DD}.Debug|Any CPU.Build.0 = Debug|Any CPU
		{F5A40DAB-3380-4146-A980-96004E0954DD}.Release|Any CPU.ActiveCfg = Release|Any CPU
		{F5A40DAB-3380-4146-A980-96004E0954DD}.Release|Any CPU.Build.0 = Release|Any CPU
		{CA27505A-7E1D-4A48-8CA6-7EEB8EB7A29A}.Debug|Any CPU.ActiveCfg = Debug|Any CPU
		{CA27505A-7E1D-4A48-8CA6-7EEB8EB7A29A}.Debug|Any CPU.Build.0 = Debug|Any CPU
		{CA27505A-7E1D-4A48-8CA6-7EEB8EB7A29A}.Release|Any CPU.ActiveCfg = Release|Any CPU
		{CA27505A-7E1D-4A48-8CA6-7EEB8EB7A29A}.Release|Any CPU.Build.0 = Release|Any CPU
	EndGlobalSection
EndGlobal
